
Microsoft Visual Studio Solution File, Format Version 12.00
Project("{2150E333-8FDC-42A3-9474-1A3956D46DE8}") = "Server", "Server", "{CF0FB531-E74A-4D51-8662-DA7D5AF80EE7}"
EndProject
Project("{2150E333-8FDC-42A3-9474-1A3956D46DE8}") = "Client", "Client", "{CCDE635A-969A-428A-99AB-8B1C32919A01}"
EndProject
Project("{2150E333-8FDC-42A3-9474-1A3956D46DE8}") = "Tools", "Tools", "{9B30925C-213D-4E87-904F-DAA0AC4269B0}"
EndProject
Project("{FAE04EC0-301F-11D3-BF4B-00C04F79EFBC}") = "Client.Common", "..\LockstepPlatform\Client\Client.Common\Client.Common.csproj", "{1AE6C358-53D2-4B7D-9451-7DB18B00CFAF}"
EndProject
Project("{2150E333-8FDC-42A3-9474-1A3956D46DE8}") = "Common", "Common", "{33BFFAA9-3103-45EF-B3D4-C52AF0F1736C}"
EndProject
Project("{FAE04EC0-301F-11D3-BF4B-00C04F79EFBC}") = "NetMsg.Common", "..\LockstepPlatform\Common\NetMsg.Common\NetMsg.Common.csproj", "{2EE8F630-4373-4F2E-B988-B576A7B6FE52}"
EndProject
Project("{FAE04EC0-301F-11D3-BF4B-00C04F79EFBC}") = "Networking", "..\LockstepPlatform\Common\Networking\Networking.csproj", "{B5AC4FF4-5723-4C4A-944E-062220C2780B}"
EndProject
Project("{FAE04EC0-301F-11D3-BF4B-00C04F79EFBC}") = "Serializaition", "..\LockstepPlatform\Common\Serializaition\Serializaition.csproj", "{1A00F547-A5D9-4FBA-953A-04236882CC7A}"
EndProject
Project("{FAE04EC0-301F-11D3-BF4B-00C04F79EFBC}") = "Util", "..\LockstepPlatform\Common\Util\Util.csproj", "{AC5B8A05-6E14-4B17-98D1-5BFFF3290E76}"
EndProject
Project("{FAE04EC0-301F-11D3-BF4B-00C04F79EFBC}") = "NetMsg.Server", "..\LockstepPlatform\Server\NetMsg.Server\NetMsg.Server.csproj", "{1DF87870-36F9-46D4-ACF0-4193DD302DA7}"
EndProject
Project("{FAE04EC0-301F-11D3-BF4B-00C04F79EFBC}") = "Server.Common", "..\LockstepPlatform\Server\Server.Common\Server.Common.csproj", "{0B0A7D5E-DDDD-46AF-BFA0-6700B4EB6A8E}"
EndProject
Project("{FAE04EC0-301F-11D3-BF4B-00C04F79EFBC}") = "Server.Servers", "..\LockstepPlatform\Server\Server.Servers\Server.Servers.csproj", "{23AD1C5B-CF67-4C22-92FF-2CE9E2BE8FEE}"
EndProject
Project("{2150E333-8FDC-42A3-9474-1A3956D46DE8}") = "Test", "..\LockstepPlatform\Test", "{5DE328B6-21BB-4A06-BCB6-888A9B29F814}"
EndProject
Project("{FAE04EC0-301F-11D3-BF4B-00C04F79EFBC}") = "Math", "..\LockstepPlatform\Common\Math\Math.csproj", "{17A82628-87EF-462B-8E03-D0ADECD567C6}"
EndProject
Project("{FAE04EC0-301F-11D3-BF4B-00C04F79EFBC}") = "ECS.Common", "..\LockstepPlatform\Common\ECS.Common\ECS.Common.csproj", "{DCBBA796-F183-4211-A5F1-78CCDCBD00DC}"
EndProject
Project("{FAE04EC0-301F-11D3-BF4B-00C04F79EFBC}") = "Test.Common", "..\LockstepPlatform\Test\Test.Common\Test.Common.csproj", "{DF86C1A3-D06E-4FB6-9985-333B8F50C372}"
EndProject
Project("{FAE04EC0-301F-11D3-BF4B-00C04F79EFBC}") = "Test.Tank", "..\LockstepPlatform\Test\Test.Tank\Test.Tank.csproj", "{FF0E6E77-596B-4771-9160-815BB7476DF8}"
EndProject
Project("{FAE04EC0-301F-11D3-BF4B-00C04F79EFBC}") = "Test.Server", "..\LockstepPlatform\Test\Test.Server\Test.Server.csproj", "{756E9C8F-9916-4975-AA1D-C1A62B27152D}"
EndProject
Project("{FAE04EC0-301F-11D3-BF4B-00C04F79EFBC}") = "Collision", "..\LockstepPlatform\Common\Collision\Collision.csproj", "{C84BC4D1-DF69-40E9-AB9C-C3E2E90D07AD}"
EndProject
Project("{2150E333-8FDC-42A3-9474-1A3956D46DE8}") = "ECSGenerator", "..\LockstepPlatform\ECSGenerator", "{14308292-4B56-44B0-AE19-328E7FED3AF1}"
EndProject
Project("{FAE04EC0-301F-11D3-BF4B-00C04F79EFBC}") = "Math.Editor", "..\LockstepPlatform\Client\Math.Editor\Math.Editor.csproj", "{BDDD7A4C-208C-430E-A769-FEA0CC8732BC}"
EndProject
Project("{FAE04EC0-301F-11D3-BF4B-00C04F79EFBC}") = "Client.Common.Editor", "..\LockstepPlatform\Client\Client.Common.Editor\Client.Common.Editor.csproj", "{6BBF7977-A16E-4CBE-A3AD-DC833D01E806}"
EndProject
Project("{FAE04EC0-301F-11D3-BF4B-00C04F79EFBC}") = "AI.BehaviorTree", "..\LockstepPlatform\Common\AI.BehaviorTree\AI.BehaviorTree.csproj", "{265C850E-8875-47C6-9397-F8A500BF16F4}"
EndProject
Project("{FAE04EC0-301F-11D3-BF4B-00C04F79EFBC}") = "AI.PathFinding", "..\LockstepPlatform\Common\AI.PathFinding\AI.PathFinding.csproj", "{23A375FA-E475-41BE-844C-40A1F857F18C}"
EndProject
Project("{FAE04EC0-301F-11D3-BF4B-00C04F79EFBC}") = "ECS.CodeGenUnsafe", "..\LockstepPlatform\Tools\Src\ECS.CodeGenUnsafe\ECS.CodeGenUnsafe.csproj", "{D8F96A31-C0D3-4F1F-9568-26D13522A418}"
EndProject
Project("{FAE04EC0-301F-11D3-BF4B-00C04F79EFBC}") = "ECS.ECDefine.Game", "..\LockstepPlatform\Tools\Src\ECS.ECDefine.Game\ECS.ECDefine.Game.csproj", "{8EA48775-1D2E-43BE-B939-D9BD3B850992}"
EndProject
Project("{FAE04EC0-301F-11D3-BF4B-00C04F79EFBC}") = "Tools.CodeGenerator", "..\LockstepPlatform\Tools\Src\Tools.CodeGenerator\Tools.CodeGenerator.csproj", "{658993F0-03A6-4D91-896D-18A86AAF11E3}"
EndProject
Project("{FAE04EC0-301F-11D3-BF4B-00C04F79EFBC}") = "Tools.CopySourceFiles", "..\LockstepPlatform\Tools\Src\Tools.CopySourceFiles\Tools.CopySourceFiles.csproj", "{9A3C7FFD-FF07-4966-98E6-BD92B2B88E0B}"
EndProject
Project("{FAE04EC0-301F-11D3-BF4B-00C04F79EFBC}") = "Tools.ExcelParser", "..\LockstepPlatform\Tools\Src\Tools.ExcelParser\Tools.ExcelParser.csproj", "{1C61428B-97C7-4389-A993-CC0C5AB49DAB}"
EndProject
Project("{FAE04EC0-301F-11D3-BF4B-00C04F79EFBC}") = "ECS.ECDefine", "..\LockstepPlatform\Common\ECS.ECDefine\ECS.ECDefine.csproj", "{36C15487-4E24-408D-8BA5-4C641ACD34E0}"
EndProject
Project("{FAE04EC0-301F-11D3-BF4B-00C04F79EFBC}") = "Tools.ECSGenerator", "..\LockstepPlatform\Tools\Src\Tools.ECSGenerator\Tools.ECSGenerator.csproj", "{E386406B-D18D-4061-9D63-14A81863DB69}"
EndProject
Project("{FAE04EC0-301F-11D3-BF4B-00C04F79EFBC}") = "ECS.CodeGenEntitas", "..\LockstepPlatform\Tools\Src\ECS.CodeGenEntitas\ECS.CodeGenEntitas.csproj", "{2F99B49A-D8E9-4D8F-9EC8-181B551433C0}"
EndProject
Project("{FAE04EC0-301F-11D3-BF4B-00C04F79EFBC}") = "ECS.ECSOutput", "..\LockstepPlatform\Tools\Src\ECS.ECSOutput\ECS.ECSOutput.csproj", "{3CA3C308-A125-4915-9C71-8F133B100999}"
EndProject
Project("{FAE04EC0-301F-11D3-BF4B-00C04F79EFBC}") = "Server.CommonGame", "..\LockstepPlatform\Server\Server.CommonGame\Server.CommonGame.csproj", "{9EA23E43-DC26-4BB9-BFEC-36B27EF35A10}"
EndProject
Project("{FAE04EC0-301F-11D3-BF4B-00C04F79EFBC}") = "Logging", "..\LockstepPlatform\Common\Logging\Logging.csproj", "{A73CC638-0964-45F1-AD8D-D67005DB6B14}"
EndProject
Project("{2150E333-8FDC-42A3-9474-1A3956D46DE8}") = "Game", "Game", "{0E8FFADB-9512-413E-83B6-128DCC447969}"
EndProject
Project("{FAE04EC0-301F-11D3-BF4B-00C04F79EFBC}") = "Game.Client", "Src\Game.Client\Game.Client.csproj", "{A30F160B-B4C7-43FF-989C-ED37A5D2AB20}"
EndProject
Project("{FAE04EC0-301F-11D3-BF4B-00C04F79EFBC}") = "Game.Common", "Src\Game.Common\Game.Common.csproj", "{BA1033B1-A08D-4FE2-922A-289473A6A24A}"
EndProject
Project("{FAE04EC0-301F-11D3-BF4B-00C04F79EFBC}") = "Game.ECS", "Src\Game.ECS\Game.ECS.csproj", "{3E780F17-15C8-415F-B67C-D9CDDA537E97}"
EndProject
Project("{FAE04EC0-301F-11D3-BF4B-00C04F79EFBC}") = "Game.Server", "Src\Game.Server\Game.Server.csproj", "{1059637A-BA2C-433F-86E5-3302BC06463A}"
EndProject
Project("{FAE04EC0-301F-11D3-BF4B-00C04F79EFBC}") = "Game.Editor", "Src\Game.Editor\Game.Editor.csproj", "{C378C53B-4457-4BC8-9E37-4A66B9C23B8A}"
EndProject
Global
	GlobalSection(SolutionConfigurationPlatforms) = preSolution
		Debug|Any CPU = Debug|Any CPU
		Release|Any CPU = Release|Any CPU
	EndGlobalSection
	GlobalSection(NestedProjects) = preSolution
		{1AE6C358-53D2-4B7D-9451-7DB18B00CFAF} = {CCDE635A-969A-428A-99AB-8B1C32919A01}
		{2EE8F630-4373-4F2E-B988-B576A7B6FE52} = {33BFFAA9-3103-45EF-B3D4-C52AF0F1736C}
		{B5AC4FF4-5723-4C4A-944E-062220C2780B} = {33BFFAA9-3103-45EF-B3D4-C52AF0F1736C}
		{1A00F547-A5D9-4FBA-953A-04236882CC7A} = {33BFFAA9-3103-45EF-B3D4-C52AF0F1736C}
		{AC5B8A05-6E14-4B17-98D1-5BFFF3290E76} = {33BFFAA9-3103-45EF-B3D4-C52AF0F1736C}
		{1DF87870-36F9-46D4-ACF0-4193DD302DA7} = {CF0FB531-E74A-4D51-8662-DA7D5AF80EE7}
		{0B0A7D5E-DDDD-46AF-BFA0-6700B4EB6A8E} = {CF0FB531-E74A-4D51-8662-DA7D5AF80EE7}
		{23AD1C5B-CF67-4C22-92FF-2CE9E2BE8FEE} = {CF0FB531-E74A-4D51-8662-DA7D5AF80EE7}
		{17A82628-87EF-462B-8E03-D0ADECD567C6} = {33BFFAA9-3103-45EF-B3D4-C52AF0F1736C}
		{DCBBA796-F183-4211-A5F1-78CCDCBD00DC} = {33BFFAA9-3103-45EF-B3D4-C52AF0F1736C}
		{DF86C1A3-D06E-4FB6-9985-333B8F50C372} = {5DE328B6-21BB-4A06-BCB6-888A9B29F814}
		{FF0E6E77-596B-4771-9160-815BB7476DF8} = {5DE328B6-21BB-4A06-BCB6-888A9B29F814}
		{756E9C8F-9916-4975-AA1D-C1A62B27152D} = {5DE328B6-21BB-4A06-BCB6-888A9B29F814}
		{C84BC4D1-DF69-40E9-AB9C-C3E2E90D07AD} = {33BFFAA9-3103-45EF-B3D4-C52AF0F1736C}
		{14308292-4B56-44B0-AE19-328E7FED3AF1} = {9B30925C-213D-4E87-904F-DAA0AC4269B0}
		{BDDD7A4C-208C-430E-A769-FEA0CC8732BC} = {CCDE635A-969A-428A-99AB-8B1C32919A01}
		{6BBF7977-A16E-4CBE-A3AD-DC833D01E806} = {CCDE635A-969A-428A-99AB-8B1C32919A01}
		{265C850E-8875-47C6-9397-F8A500BF16F4} = {33BFFAA9-3103-45EF-B3D4-C52AF0F1736C}
		{23A375FA-E475-41BE-844C-40A1F857F18C} = {33BFFAA9-3103-45EF-B3D4-C52AF0F1736C}
		{658993F0-03A6-4D91-896D-18A86AAF11E3} = {9B30925C-213D-4E87-904F-DAA0AC4269B0}
		{9A3C7FFD-FF07-4966-98E6-BD92B2B88E0B} = {9B30925C-213D-4E87-904F-DAA0AC4269B0}
		{1C61428B-97C7-4389-A993-CC0C5AB49DAB} = {9B30925C-213D-4E87-904F-DAA0AC4269B0}
		{D8F96A31-C0D3-4F1F-9568-26D13522A418} = {14308292-4B56-44B0-AE19-328E7FED3AF1}
		{8EA48775-1D2E-43BE-B939-D9BD3B850992} = {14308292-4B56-44B0-AE19-328E7FED3AF1}
		{36C15487-4E24-408D-8BA5-4C641ACD34E0} = {33BFFAA9-3103-45EF-B3D4-C52AF0F1736C}
		{E386406B-D18D-4061-9D63-14A81863DB69} = {9B30925C-213D-4E87-904F-DAA0AC4269B0}
		{2F99B49A-D8E9-4D8F-9EC8-181B551433C0} = {14308292-4B56-44B0-AE19-328E7FED3AF1}
		{3CA3C308-A125-4915-9C71-8F133B100999} = {14308292-4B56-44B0-AE19-328E7FED3AF1}
		{9EA23E43-DC26-4BB9-BFEC-36B27EF35A10} = {CF0FB531-E74A-4D51-8662-DA7D5AF80EE7}
		{A73CC638-0964-45F1-AD8D-D67005DB6B14} = {33BFFAA9-3103-45EF-B3D4-C52AF0F1736C}
		{A30F160B-B4C7-43FF-989C-ED37A5D2AB20} = {0E8FFADB-9512-413E-83B6-128DCC447969}
		{BA1033B1-A08D-4FE2-922A-289473A6A24A} = {0E8FFADB-9512-413E-83B6-128DCC447969}
		{3E780F17-15C8-415F-B67C-D9CDDA537E97} = {0E8FFADB-9512-413E-83B6-128DCC447969}
		{1059637A-BA2C-433F-86E5-3302BC06463A} = {0E8FFADB-9512-413E-83B6-128DCC447969}
		{C378C53B-4457-4BC8-9E37-4A66B9C23B8A} = {0E8FFADB-9512-413E-83B6-128DCC447969}
	EndGlobalSection
	GlobalSection(ProjectConfigurationPlatforms) = postSolution
		{1AE6C358-53D2-4B7D-9451-7DB18B00CFAF}.Debug|Any CPU.ActiveCfg = Debug|Any CPU
		{1AE6C358-53D2-4B7D-9451-7DB18B00CFAF}.Debug|Any CPU.Build.0 = Debug|Any CPU
		{1AE6C358-53D2-4B7D-9451-7DB18B00CFAF}.Release|Any CPU.ActiveCfg = Release|Any CPU
		{1AE6C358-53D2-4B7D-9451-7DB18B00CFAF}.Release|Any CPU.Build.0 = Release|Any CPU
		{2EE8F630-4373-4F2E-B988-B576A7B6FE52}.Debug|Any CPU.ActiveCfg = Debug|Any CPU
		{2EE8F630-4373-4F2E-B988-B576A7B6FE52}.Debug|Any CPU.Build.0 = Debug|Any CPU
		{2EE8F630-4373-4F2E-B988-B576A7B6FE52}.Release|Any CPU.ActiveCfg = Release|Any CPU
		{2EE8F630-4373-4F2E-B988-B576A7B6FE52}.Release|Any CPU.Build.0 = Release|Any CPU
		{B5AC4FF4-5723-4C4A-944E-062220C2780B}.Debug|Any CPU.ActiveCfg = Debug|Any CPU
		{B5AC4FF4-5723-4C4A-944E-062220C2780B}.Debug|Any CPU.Build.0 = Debug|Any CPU
		{B5AC4FF4-5723-4C4A-944E-062220C2780B}.Release|Any CPU.ActiveCfg = Release|Any CPU
		{B5AC4FF4-5723-4C4A-944E-062220C2780B}.Release|Any CPU.Build.0 = Release|Any CPU
		{1A00F547-A5D9-4FBA-953A-04236882CC7A}.Debug|Any CPU.ActiveCfg = Debug|Any CPU
		{1A00F547-A5D9-4FBA-953A-04236882CC7A}.Debug|Any CPU.Build.0 = Debug|Any CPU
		{1A00F547-A5D9-4FBA-953A-04236882CC7A}.Release|Any CPU.ActiveCfg = Release|Any CPU
		{1A00F547-A5D9-4FBA-953A-04236882CC7A}.Release|Any CPU.Build.0 = Release|Any CPU
		{AC5B8A05-6E14-4B17-98D1-5BFFF3290E76}.Debug|Any CPU.ActiveCfg = Debug|Any CPU
		{AC5B8A05-6E14-4B17-98D1-5BFFF3290E76}.Debug|Any CPU.Build.0 = Debug|Any CPU
		{AC5B8A05-6E14-4B17-98D1-5BFFF3290E76}.Release|Any CPU.ActiveCfg = Release|Any CPU
		{AC5B8A05-6E14-4B17-98D1-5BFFF3290E76}.Release|Any CPU.Build.0 = Release|Any CPU
		{1DF87870-36F9-46D4-ACF0-4193DD302DA7}.Debug|Any CPU.ActiveCfg = Debug|Any CPU
		{1DF87870-36F9-46D4-ACF0-4193DD302DA7}.Debug|Any CPU.Build.0 = Debug|Any CPU
		{1DF87870-36F9-46D4-ACF0-4193DD302DA7}.Release|Any CPU.ActiveCfg = Release|Any CPU
		{1DF87870-36F9-46D4-ACF0-4193DD302DA7}.Release|Any CPU.Build.0 = Release|Any CPU
		{0B0A7D5E-DDDD-46AF-BFA0-6700B4EB6A8E}.Debug|Any CPU.ActiveCfg = Debug|Any CPU
		{0B0A7D5E-DDDD-46AF-BFA0-6700B4EB6A8E}.Debug|Any CPU.Build.0 = Debug|Any CPU
		{0B0A7D5E-DDDD-46AF-BFA0-6700B4EB6A8E}.Release|Any CPU.ActiveCfg = Release|Any CPU
		{0B0A7D5E-DDDD-46AF-BFA0-6700B4EB6A8E}.Release|Any CPU.Build.0 = Release|Any CPU
		{23AD1C5B-CF67-4C22-92FF-2CE9E2BE8FEE}.Debug|Any CPU.ActiveCfg = Debug|Any CPU
		{23AD1C5B-CF67-4C22-92FF-2CE9E2BE8FEE}.Debug|Any CPU.Build.0 = Debug|Any CPU
		{23AD1C5B-CF67-4C22-92FF-2CE9E2BE8FEE}.Release|Any CPU.ActiveCfg = Release|Any CPU
		{23AD1C5B-CF67-4C22-92FF-2CE9E2BE8FEE}.Release|Any CPU.Build.0 = Release|Any CPU
		{17A82628-87EF-462B-8E03-D0ADECD567C6}.Debug|Any CPU.ActiveCfg = Debug|Any CPU
		{17A82628-87EF-462B-8E03-D0ADECD567C6}.Debug|Any CPU.Build.0 = Debug|Any CPU
		{17A82628-87EF-462B-8E03-D0ADECD567C6}.Release|Any CPU.ActiveCfg = Release|Any CPU
		{17A82628-87EF-462B-8E03-D0ADECD567C6}.Release|Any CPU.Build.0 = Release|Any CPU
		{DCBBA796-F183-4211-A5F1-78CCDCBD00DC}.Debug|Any CPU.ActiveCfg = Debug|Any CPU
		{DCBBA796-F183-4211-A5F1-78CCDCBD00DC}.Debug|Any CPU.Build.0 = Debug|Any CPU
		{DCBBA796-F183-4211-A5F1-78CCDCBD00DC}.Release|Any CPU.ActiveCfg = Release|Any CPU
		{DCBBA796-F183-4211-A5F1-78CCDCBD00DC}.Release|Any CPU.Build.0 = Release|Any CPU
		{DF86C1A3-D06E-4FB6-9985-333B8F50C372}.Debug|Any CPU.ActiveCfg = Debug|Any CPU
		{DF86C1A3-D06E-4FB6-9985-333B8F50C372}.Debug|Any CPU.Build.0 = Debug|Any CPU
		{DF86C1A3-D06E-4FB6-9985-333B8F50C372}.Release|Any CPU.ActiveCfg = Release|Any CPU
		{DF86C1A3-D06E-4FB6-9985-333B8F50C372}.Release|Any CPU.Build.0 = Release|Any CPU
		{FF0E6E77-596B-4771-9160-815BB7476DF8}.Debug|Any CPU.ActiveCfg = Debug|Any CPU
		{FF0E6E77-596B-4771-9160-815BB7476DF8}.Debug|Any CPU.Build.0 = Debug|Any CPU
		{FF0E6E77-596B-4771-9160-815BB7476DF8}.Release|Any CPU.ActiveCfg = Release|Any CPU
		{FF0E6E77-596B-4771-9160-815BB7476DF8}.Release|Any CPU.Build.0 = Release|Any CPU
		{756E9C8F-9916-4975-AA1D-C1A62B27152D}.Debug|Any CPU.ActiveCfg = Debug|Any CPU
		{756E9C8F-9916-4975-AA1D-C1A62B27152D}.Debug|Any CPU.Build.0 = Debug|Any CPU
		{756E9C8F-9916-4975-AA1D-C1A62B27152D}.Release|Any CPU.ActiveCfg = Release|Any CPU
		{756E9C8F-9916-4975-AA1D-C1A62B27152D}.Release|Any CPU.Build.0 = Release|Any CPU
		{C84BC4D1-DF69-40E9-AB9C-C3E2E90D07AD}.Debug|Any CPU.ActiveCfg = Debug|Any CPU
		{C84BC4D1-DF69-40E9-AB9C-C3E2E90D07AD}.Debug|Any CPU.Build.0 = Debug|Any CPU
		{C84BC4D1-DF69-40E9-AB9C-C3E2E90D07AD}.Release|Any CPU.ActiveCfg = Release|Any CPU
		{C84BC4D1-DF69-40E9-AB9C-C3E2E90D07AD}.Release|Any CPU.Build.0 = Release|Any CPU
		{BDDD7A4C-208C-430E-A769-FEA0CC8732BC}.Debug|Any CPU.ActiveCfg = Debug|Any CPU
		{BDDD7A4C-208C-430E-A769-FEA0CC8732BC}.Debug|Any CPU.Build.0 = Debug|Any CPU
		{BDDD7A4C-208C-430E-A769-FEA0CC8732BC}.Release|Any CPU.ActiveCfg = Release|Any CPU
		{BDDD7A4C-208C-430E-A769-FEA0CC8732BC}.Release|Any CPU.Build.0 = Release|Any CPU
		{6BBF7977-A16E-4CBE-A3AD-DC833D01E806}.Debug|Any CPU.ActiveCfg = Debug|Any CPU
		{6BBF7977-A16E-4CBE-A3AD-DC833D01E806}.Debug|Any CPU.Build.0 = Debug|Any CPU
		{6BBF7977-A16E-4CBE-A3AD-DC833D01E806}.Release|Any CPU.ActiveCfg = Release|Any CPU
		{6BBF7977-A16E-4CBE-A3AD-DC833D01E806}.Release|Any CPU.Build.0 = Release|Any CPU
		{265C850E-8875-47C6-9397-F8A500BF16F4}.Debug|Any CPU.ActiveCfg = Debug|Any CPU
		{265C850E-8875-47C6-9397-F8A500BF16F4}.Debug|Any CPU.Build.0 = Debug|Any CPU
		{265C850E-8875-47C6-9397-F8A500BF16F4}.Release|Any CPU.ActiveCfg = Release|Any CPU
		{265C850E-8875-47C6-9397-F8A500BF16F4}.Release|Any CPU.Build.0 = Release|Any CPU
		{23A375FA-E475-41BE-844C-40A1F857F18C}.Debug|Any CPU.ActiveCfg = Debug|Any CPU
		{23A375FA-E475-41BE-844C-40A1F857F18C}.Debug|Any CPU.Build.0 = Debug|Any CPU
		{23A375FA-E475-41BE-844C-40A1F857F18C}.Release|Any CPU.ActiveCfg = Release|Any CPU
		{23A375FA-E475-41BE-844C-40A1F857F18C}.Release|Any CPU.Build.0 = Release|Any CPU
		{D8F96A31-C0D3-4F1F-9568-26D13522A418}.Debug|Any CPU.ActiveCfg = Debug|Any CPU
		{D8F96A31-C0D3-4F1F-9568-26D13522A418}.Debug|Any CPU.Build.0 = Debug|Any CPU
		{D8F96A31-C0D3-4F1F-9568-26D13522A418}.Release|Any CPU.ActiveCfg = Release|Any CPU
		{D8F96A31-C0D3-4F1F-9568-26D13522A418}.Release|Any CPU.Build.0 = Release|Any CPU
		{8EA48775-1D2E-43BE-B939-D9BD3B850992}.Debug|Any CPU.ActiveCfg = Debug|Any CPU
		{8EA48775-1D2E-43BE-B939-D9BD3B850992}.Debug|Any CPU.Build.0 = Debug|Any CPU
		{8EA48775-1D2E-43BE-B939-D9BD3B850992}.Release|Any CPU.ActiveCfg = Release|Any CPU
		{8EA48775-1D2E-43BE-B939-D9BD3B850992}.Release|Any CPU.Build.0 = Release|Any CPU
		{658993F0-03A6-4D91-896D-18A86AAF11E3}.Debug|Any CPU.ActiveCfg = Debug|Any CPU
		{658993F0-03A6-4D91-896D-18A86AAF11E3}.Debug|Any CPU.Build.0 = Debug|Any CPU
		{658993F0-03A6-4D91-896D-18A86AAF11E3}.Release|Any CPU.ActiveCfg = Release|Any CPU
		{658993F0-03A6-4D91-896D-18A86AAF11E3}.Release|Any CPU.Build.0 = Release|Any CPU
		{9A3C7FFD-FF07-4966-98E6-BD92B2B88E0B}.Debug|Any CPU.ActiveCfg = Debug|Any CPU
		{9A3C7FFD-FF07-4966-98E6-BD92B2B88E0B}.Debug|Any CPU.Build.0 = Debug|Any CPU
		{9A3C7FFD-FF07-4966-98E6-BD92B2B88E0B}.Release|Any CPU.ActiveCfg = Release|Any CPU
		{9A3C7FFD-FF07-4966-98E6-BD92B2B88E0B}.Release|Any CPU.Build.0 = Release|Any CPU
		{1C61428B-97C7-4389-A993-CC0C5AB49DAB}.Debug|Any CPU.ActiveCfg = Debug|Any CPU
		{1C61428B-97C7-4389-A993-CC0C5AB49DAB}.Debug|Any CPU.Build.0 = Debug|Any CPU
		{1C61428B-97C7-4389-A993-CC0C5AB49DAB}.Release|Any CPU.ActiveCfg = Release|Any CPU
		{1C61428B-97C7-4389-A993-CC0C5AB49DAB}.Release|Any CPU.Build.0 = Release|Any CPU
		{36C15487-4E24-408D-8BA5-4C641ACD34E0}.Debug|Any CPU.ActiveCfg = Debug|Any CPU
		{36C15487-4E24-408D-8BA5-4C641ACD34E0}.Debug|Any CPU.Build.0 = Debug|Any CPU
		{36C15487-4E24-408D-8BA5-4C641ACD34E0}.Release|Any CPU.ActiveCfg = Release|Any CPU
		{36C15487-4E24-408D-8BA5-4C641ACD34E0}.Release|Any CPU.Build.0 = Release|Any CPU
		{E386406B-D18D-4061-9D63-14A81863DB69}.Debug|Any CPU.ActiveCfg = Debug|Any CPU
		{E386406B-D18D-4061-9D63-14A81863DB69}.Debug|Any CPU.Build.0 = Debug|Any CPU
		{E386406B-D18D-4061-9D63-14A81863DB69}.Release|Any CPU.ActiveCfg = Release|Any CPU
		{E386406B-D18D-4061-9D63-14A81863DB69}.Release|Any CPU.Build.0 = Release|Any CPU
		{2F99B49A-D8E9-4D8F-9EC8-181B551433C0}.Debug|Any CPU.ActiveCfg = Debug|Any CPU
		{2F99B49A-D8E9-4D8F-9EC8-181B551433C0}.Debug|Any CPU.Build.0 = Debug|Any CPU
		{2F99B49A-D8E9-4D8F-9EC8-181B551433C0}.Release|Any CPU.ActiveCfg = Release|Any CPU
		{2F99B49A-D8E9-4D8F-9EC8-181B551433C0}.Release|Any CPU.Build.0 = Release|Any CPU
		{3CA3C308-A125-4915-9C71-8F133B100999}.Debug|Any CPU.ActiveCfg = Debug|Any CPU
		{3CA3C308-A125-4915-9C71-8F133B100999}.Debug|Any CPU.Build.0 = Debug|Any CPU
		{3CA3C308-A125-4915-9C71-8F133B100999}.Release|Any CPU.ActiveCfg = Release|Any CPU
		{3CA3C308-A125-4915-9C71-8F133B100999}.Release|Any CPU.Build.0 = Release|Any CPU
		{9EA23E43-DC26-4BB9-BFEC-36B27EF35A10}.Debug|Any CPU.ActiveCfg = Debug|Any CPU
		{9EA23E43-DC26-4BB9-BFEC-36B27EF35A10}.Debug|Any CPU.Build.0 = Debug|Any CPU
		{9EA23E43-DC26-4BB9-BFEC-36B27EF35A10}.Release|Any CPU.ActiveCfg = Release|Any CPU
		{9EA23E43-DC26-4BB9-BFEC-36B27EF35A10}.Release|Any CPU.Build.0 = Release|Any CPU
		{A73CC638-0964-45F1-AD8D-D67005DB6B14}.Debug|Any CPU.ActiveCfg = Debug|Any CPU
		{A73CC638-0964-45F1-AD8D-D67005DB6B14}.Debug|Any CPU.Build.0 = Debug|Any CPU
		{A73CC638-0964-45F1-AD8D-D67005DB6B14}.Release|Any CPU.ActiveCfg = Release|Any CPU
		{A73CC638-0964-45F1-AD8D-D67005DB6B14}.Release|Any CPU.Build.0 = Release|Any CPU
		{A30F160B-B4C7-43FF-989C-ED37A5D2AB20}.Debug|Any CPU.ActiveCfg = Debug|Any CPU
		{A30F160B-B4C7-43FF-989C-ED37A5D2AB20}.Debug|Any CPU.Build.0 = Debug|Any CPU
		{A30F160B-B4C7-43FF-989C-ED37A5D2AB20}.Release|Any CPU.ActiveCfg = Release|Any CPU
		{A30F160B-B4C7-43FF-989C-ED37A5D2AB20}.Release|Any CPU.Build.0 = Release|Any CPU
		{BA1033B1-A08D-4FE2-922A-289473A6A24A}.Debug|Any CPU.ActiveCfg = Debug|Any CPU
		{BA1033B1-A08D-4FE2-922A-289473A6A24A}.Debug|Any CPU.Build.0 = Debug|Any CPU
		{BA1033B1-A08D-4FE2-922A-289473A6A24A}.Release|Any CPU.ActiveCfg = Release|Any CPU
		{BA1033B1-A08D-4FE2-922A-289473A6A24A}.Release|Any CPU.Build.0 = Release|Any CPU
		{3E780F17-15C8-415F-B67C-D9CDDA537E97}.Debug|Any CPU.ActiveCfg = Debug|Any CPU
		{3E780F17-15C8-415F-B67C-D9CDDA537E97}.Debug|Any CPU.Build.0 = Debug|Any CPU
		{3E780F17-15C8-415F-B67C-D9CDDA537E97}.Release|Any CPU.ActiveCfg = Release|Any CPU
		{3E780F17-15C8-415F-B67C-D9CDDA537E97}.Release|Any CPU.Build.0 = Release|Any CPU
		{1059637A-BA2C-433F-86E5-3302BC06463A}.Debug|Any CPU.ActiveCfg = Debug|Any CPU
		{1059637A-BA2C-433F-86E5-3302BC06463A}.Debug|Any CPU.Build.0 = Debug|Any CPU
		{1059637A-BA2C-433F-86E5-3302BC06463A}.Release|Any CPU.ActiveCfg = Release|Any CPU
		{1059637A-BA2C-433F-86E5-3302BC06463A}.Release|Any CPU.Build.0 = Release|Any CPU
		{C378C53B-4457-4BC8-9E37-4A66B9C23B8A}.Debug|Any CPU.ActiveCfg = Debug|Any CPU
		{C378C53B-4457-4BC8-9E37-4A66B9C23B8A}.Debug|Any CPU.Build.0 = Debug|Any CPU
		{C378C53B-4457-4BC8-9E37-4A66B9C23B8A}.Release|Any CPU.ActiveCfg = Release|Any CPU
		{C378C53B-4457-4BC8-9E37-4A66B9C23B8A}.Release|Any CPU.Build.0 = Release|Any CPU
	EndGlobalSection
EndGlobal
