
Microsoft Visual Studio Solution File, Format Version 12.00
Project("{FAE04EC0-301F-11D3-BF4B-00C04F79EFBC}") = "Game.Client", "Src\Game.Client\Game.Client.csproj", "{66EA800D-7C0A-4EB1-B960-0BBF5F8F2318}"
EndProject
Project("{FAE04EC0-301F-11D3-BF4B-00C04F79EFBC}") = "Game.ECS", "Src\Game.ECS\Game.ECS.csproj", "{3ACA4E88-9F26-4390-91E0-EF5669B7A861}"
EndProject
Project("{FAE04EC0-301F-11D3-BF4B-00C04F79EFBC}") = "Game.Common", "Src\Game.Common\Game.Common.csproj", "{C1D84361-76BA-40B2-A17C-DAA694DE9016}"
EndProject
Project("{FAE04EC0-301F-11D3-BF4B-00C04F79EFBC}") = "Game.Server", "Src\Game.Server\Game.Server.csproj", "{1DCEB5B2-9BFF-4029-8746-88EB2A2CD3F6}"
EndProject
Project("{FAE04EC0-301F-11D3-BF4B-00C04F79EFBC}") = "Game.Editor", "Src\Game.Editor\Game.Editor.csproj", "{C98753CF-F2B3-4537-A2D0-8E90413C21D6}"
EndProject
Project("{2150E333-8FDC-42A3-9474-1A3956D46DE8}") = "ECSGen", "ECSGen", "{1BFCF578-9E09-4564-BC17-9C96C63259C9}"
EndProject
Project("{FAE04EC0-301F-11D3-BF4B-00C04F79EFBC}") = "ECS.ECDefine.Game", "Tools\Src\ECS.ECDefine.Game\ECS.ECDefine.Game.csproj", "{2031DBD2-DDDE-468E-8B2D-6BB862CB4F24}"
EndProject
Project("{FAE04EC0-301F-11D3-BF4B-00C04F79EFBC}") = "ECS.ECSOutput", "Tools\Src\ECS.ECSOutput\ECS.ECSOutput.csproj", "{5A08505A-AF09-44A6-9959-8080E8CB6468}"
EndProject
Global
	GlobalSection(SolutionConfigurationPlatforms) = preSolution
		Debug|Any CPU = Debug|Any CPU
		Release|Any CPU = Release|Any CPU
	EndGlobalSection
	GlobalSection(ProjectConfigurationPlatforms) = postSolution
		{66EA800D-7C0A-4EB1-B960-0BBF5F8F2318}.Debug|Any CPU.ActiveCfg = Debug|Any CPU
		{66EA800D-7C0A-4EB1-B960-0BBF5F8F2318}.Debug|Any CPU.Build.0 = Debug|Any CPU
		{66EA800D-7C0A-4EB1-B960-0BBF5F8F2318}.Release|Any CPU.ActiveCfg = Release|Any CPU
		{66EA800D-7C0A-4EB1-B960-0BBF5F8F2318}.Release|Any CPU.Build.0 = Release|Any CPU
		{3ACA4E88-9F26-4390-91E0-EF5669B7A861}.Debug|Any CPU.ActiveCfg = Debug|Any CPU
		{3ACA4E88-9F26-4390-91E0-EF5669B7A861}.Debug|Any CPU.Build.0 = Debug|Any CPU
		{3ACA4E88-9F26-4390-91E0-EF5669B7A861}.Release|Any CPU.ActiveCfg = Release|Any CPU
		{3ACA4E88-9F26-4390-91E0-EF5669B7A861}.Release|Any CPU.Build.0 = Release|Any CPU
		{C1D84361-76BA-40B2-A17C-DAA694DE9016}.Debug|Any CPU.ActiveCfg = Debug|Any CPU
		{C1D84361-76BA-40B2-A17C-DAA694DE9016}.Debug|Any CPU.Build.0 = Debug|Any CPU
		{C1D84361-76BA-40B2-A17C-DAA694DE9016}.Release|Any CPU.ActiveCfg = Release|Any CPU
		{C1D84361-76BA-40B2-A17C-DAA694DE9016}.Release|Any CPU.Build.0 = Release|Any CPU
		{1DCEB5B2-9BFF-4029-8746-88EB2A2CD3F6}.Debug|Any CPU.ActiveCfg = Debug|Any CPU
		{1DCEB5B2-9BFF-4029-8746-88EB2A2CD3F6}.Debug|Any CPU.Build.0 = Debug|Any CPU
		{1DCEB5B2-9BFF-4029-8746-88EB2A2CD3F6}.Release|Any CPU.ActiveCfg = Release|Any CPU
		{1DCEB5B2-9BFF-4029-8746-88EB2A2CD3F6}.Release|Any CPU.Build.0 = Release|Any CPU
		{C98753CF-F2B3-4537-A2D0-8E90413C21D6}.Debug|Any CPU.ActiveCfg = Debug|Any CPU
		{C98753CF-F2B3-4537-A2D0-8E90413C21D6}.Debug|Any CPU.Build.0 = Debug|Any CPU
		{C98753CF-F2B3-4537-A2D0-8E90413C21D6}.Release|Any CPU.ActiveCfg = Release|Any CPU
		{C98753CF-F2B3-4537-A2D0-8E90413C21D6}.Release|Any CPU.Build.0 = Release|Any CPU
		{2031DBD2-DDDE-468E-8B2D-6BB862CB4F24}.Debug|Any CPU.ActiveCfg = Debug|Any CPU
		{2031DBD2-DDDE-468E-8B2D-6BB862CB4F24}.Debug|Any CPU.Build.0 = Debug|Any CPU
		{2031DBD2-DDDE-468E-8B2D-6BB862CB4F24}.Release|Any CPU.ActiveCfg = Release|Any CPU
		{2031DBD2-DDDE-468E-8B2D-6BB862CB4F24}.Release|Any CPU.Build.0 = Release|Any CPU
		{5A08505A-AF09-44A6-9959-8080E8CB6468}.Debug|Any CPU.ActiveCfg = Debug|Any CPU
		{5A08505A-AF09-44A6-9959-8080E8CB6468}.Debug|Any CPU.Build.0 = Debug|Any CPU
		{5A08505A-AF09-44A6-9959-8080E8CB6468}.Release|Any CPU.ActiveCfg = Release|Any CPU
		{5A08505A-AF09-44A6-9959-8080E8CB6468}.Release|Any CPU.Build.0 = Release|Any CPU
	EndGlobalSection
	GlobalSection(NestedProjects) = preSolution
		{2031DBD2-DDDE-468E-8B2D-6BB862CB4F24} = {1BFCF578-9E09-4564-BC17-9C96C63259C9}
		{5A08505A-AF09-44A6-9959-8080E8CB6468} = {1BFCF578-9E09-4564-BC17-9C96C63259C9}
	EndGlobalSection
EndGlobal
